
Microsoft Visual Studio Solution File, Format Version 12.00
# Visual Studio Version 16
VisualStudioVersion = 16.0.31515.178
MinimumVisualStudioVersion = 10.0.40219.1
Project("{8BC9CEB8-8B4A-11D0-8D11-00A0C91BC942}") = "WhatIsDelegateCPP", "WhatIsDelegateCPP.vcxproj", "{13BE120C-2DAC-417A-94CB-6E6573EC5646}"
EndProject
Global
	GlobalSection(SolutionConfigurationPlatforms) = preSolution
		Debug|x64 = Debug|x64
		Debug|x86 = Debug|x86
		Release|x64 = Release|x64
		Release|x86 = Release|x86
	EndGlobalSection
	GlobalSection(ProjectConfigurationPlatforms) = postSolution
		{13BE120C-2DAC-417A-94CB-6E6573EC5646}.Debug|x64.ActiveCfg = Debug|x64
		{13BE120C-2DAC-417A-94CB-6E6573EC5646}.Debug|x64.Build.0 = Debug|x64
		{13BE120C-2DAC-417A-94CB-6E6573EC5646}.Debug|x86.ActiveCfg = Debug|Win32
		{13BE120C-2DAC-417A-94CB-6E6573EC5646}.Debug|x86.Build.0 = Debug|Win32
		{13BE120C-2DAC-417A-94CB-6E6573EC5646}.Release|x64.ActiveCfg = Release|x64
		{13BE120C-2DAC-417A-94CB-6E6573EC5646}.Release|x64.Build.0 = Release|x64
		{13BE120C-2DAC-417A-94CB-6E6573EC5646}.Release|x86.ActiveCfg = Release|Win32
		{13BE120C-2DAC-417A-94CB-6E6573EC5646}.Release|x86.Build.0 = Release|Win32
	EndGlobalSection
	GlobalSection(SolutionProperties) = preSolution
		HideSolutionNode = FALSE
	EndGlobalSection
	GlobalSection(ExtensibilityGlobals) = postSolution
		SolutionGuid = {EF4FF9DF-6CF2-4614-B57D-A4A9614F2D2E}
	EndGlobalSection
EndGlobal
